
Microsoft Visual Studio Solution File, Format Version 12.00
# Visual Studio Version 16
VisualStudioVersion = 16.0.28803.202
MinimumVisualStudioVersion = 10.0.40219.1
Project("{9A19103F-16F7-4668-BE54-9A1E7A4F7556}") = "WebInterface", "poc.api.core\WebInterface.csproj", "{11042989-D802-41D3-BA27-8F0A8E52D81E}"
EndProject
Project("{9A19103F-16F7-4668-BE54-9A1E7A4F7556}") = "TestLayer", "TestLayer\TestLayer.csproj", "{621B0D76-8CB5-4373-A43D-42104343A814}"
EndProject
Project("{9A19103F-16F7-4668-BE54-9A1E7A4F7556}") = "ServiceLayer", "ServiceLayer\ServiceLayer.csproj", "{80E487A0-E29F-4B50-BF46-E386CCB4C143}"
EndProject
Project("{9A19103F-16F7-4668-BE54-9A1E7A4F7556}") = "Repositories", "BusinessLayer\Repositories.csproj", "{F08FF4E6-4508-4C83-9036-41145DF5E756}"
EndProject
Project("{9A19103F-16F7-4668-BE54-9A1E7A4F7556}") = "DomainLayer", "DomainLayer\DomainLayer.csproj", "{605B86D6-29D8-4F4C-AE36-860A170BED34}"
EndProject
Global
	GlobalSection(SolutionConfigurationPlatforms) = preSolution
		Debug|Any CPU = Debug|Any CPU
		Release|Any CPU = Release|Any CPU
	EndGlobalSection
	GlobalSection(ProjectConfigurationPlatforms) = postSolution
		{11042989-D802-41D3-BA27-8F0A8E52D81E}.Debug|Any CPU.ActiveCfg = Debug|Any CPU
		{11042989-D802-41D3-BA27-8F0A8E52D81E}.Debug|Any CPU.Build.0 = Debug|Any CPU
		{11042989-D802-41D3-BA27-8F0A8E52D81E}.Release|Any CPU.ActiveCfg = Release|Any CPU
		{11042989-D802-41D3-BA27-8F0A8E52D81E}.Release|Any CPU.Build.0 = Release|Any CPU
		{621B0D76-8CB5-4373-A43D-42104343A814}.Debug|Any CPU.ActiveCfg = Debug|Any CPU
		{621B0D76-8CB5-4373-A43D-42104343A814}.Debug|Any CPU.Build.0 = Debug|Any CPU
		{621B0D76-8CB5-4373-A43D-42104343A814}.Release|Any CPU.ActiveCfg = Release|Any CPU
		{621B0D76-8CB5-4373-A43D-42104343A814}.Release|Any CPU.Build.0 = Release|Any CPU
		{80E487A0-E29F-4B50-BF46-E386CCB4C143}.Debug|Any CPU.ActiveCfg = Debug|Any CPU
		{80E487A0-E29F-4B50-BF46-E386CCB4C143}.Debug|Any CPU.Build.0 = Debug|Any CPU
		{80E487A0-E29F-4B50-BF46-E386CCB4C143}.Release|Any CPU.ActiveCfg = Release|Any CPU
		{80E487A0-E29F-4B50-BF46-E386CCB4C143}.Release|Any CPU.Build.0 = Release|Any CPU
		{F08FF4E6-4508-4C83-9036-41145DF5E756}.Debug|Any CPU.ActiveCfg = Debug|Any CPU
		{F08FF4E6-4508-4C83-9036-41145DF5E756}.Debug|Any CPU.Build.0 = Debug|Any CPU
		{F08FF4E6-4508-4C83-9036-41145DF5E756}.Release|Any CPU.ActiveCfg = Release|Any CPU
		{F08FF4E6-4508-4C83-9036-41145DF5E756}.Release|Any CPU.Build.0 = Release|Any CPU
		{605B86D6-29D8-4F4C-AE36-860A170BED34}.Debug|Any CPU.ActiveCfg = Debug|Any CPU
		{605B86D6-29D8-4F4C-AE36-860A170BED34}.Debug|Any CPU.Build.0 = Debug|Any CPU
		{605B86D6-29D8-4F4C-AE36-860A170BED34}.Release|Any CPU.ActiveCfg = Release|Any CPU
		{605B86D6-29D8-4F4C-AE36-860A170BED34}.Release|Any CPU.Build.0 = Release|Any CPU
	EndGlobalSection
	GlobalSection(SolutionProperties) = preSolution
		HideSolutionNode = FALSE
	EndGlobalSection
	GlobalSection(ExtensibilityGlobals) = postSolution
		SolutionGuid = {7CBD877C-5179-4B20-80E0-E2225DA56002}
	EndGlobalSection
EndGlobal
